
Microsoft Visual Studio Solution File, Format Version 12.00
# Visual Studio Version 17
VisualStudioVersion = 17.0.31912.275
MinimumVisualStudioVersion = 10.0.40219.1
Project("{FAE04EC0-301F-11D3-BF4B-00C04F79EFBC}") = "CrudTest", "CrudTest.csproj", "{4935CDF6-5B93-47CB-BE77-795126B4CD40}"
EndProject
Global
	GlobalSection(SolutionConfigurationPlatforms) = preSolution
		Debug|Any CPU = Debug|Any CPU
		Release|Any CPU = Release|Any CPU
	EndGlobalSection
	GlobalSection(ProjectConfigurationPlatforms) = postSolution
		{4935CDF6-5B93-47CB-BE77-795126B4CD40}.Debug|Any CPU.ActiveCfg = Debug|Any CPU
		{4935CDF6-5B93-47CB-BE77-795126B4CD40}.Debug|Any CPU.Build.0 = Debug|Any CPU
		{4935CDF6-5B93-47CB-BE77-795126B4CD40}.Release|Any CPU.ActiveCfg = Release|Any CPU
		{4935CDF6-5B93-47CB-BE77-795126B4CD40}.Release|Any CPU.Build.0 = Release|Any CPU
	EndGlobalSection
	GlobalSection(SolutionProperties) = preSolution
		HideSolutionNode = FALSE
	EndGlobalSection
	GlobalSection(ExtensibilityGlobals) = postSolution
		SolutionGuid = {67747EA6-1143-4294-8496-F82C3EF2103B}
	EndGlobalSection
EndGlobal
